
Microsoft Visual Studio Solution File, Format Version 12.00
# Visual Studio Version 16
VisualStudioVersion = 16.0.31613.86
MinimumVisualStudioVersion = 10.0.40219.1
Project("{FAE04EC0-301F-11D3-BF4B-00C04F79EFBC}") = "Guessing Game", "Guessing Game\Guessing Game.csproj", "{803A3018-7068-49DE-9B28-91D213719D42}"
EndProject
Global
	GlobalSection(SolutionConfigurationPlatforms) = preSolution
		Debug|Any CPU = Debug|Any CPU
		Release|Any CPU = Release|Any CPU
	EndGlobalSection
	GlobalSection(ProjectConfigurationPlatforms) = postSolution
		{803A3018-7068-49DE-9B28-91D213719D42}.Debug|Any CPU.ActiveCfg = Debug|Any CPU
		{803A3018-7068-49DE-9B28-91D213719D42}.Debug|Any CPU.Build.0 = Debug|Any CPU
		{803A3018-7068-49DE-9B28-91D213719D42}.Release|Any CPU.ActiveCfg = Release|Any CPU
		{803A3018-7068-49DE-9B28-91D213719D42}.Release|Any CPU.Build.0 = Release|Any CPU
	EndGlobalSection
	GlobalSection(SolutionProperties) = preSolution
		HideSolutionNode = FALSE
	EndGlobalSection
	GlobalSection(ExtensibilityGlobals) = postSolution
		SolutionGuid = {75FE2CC0-800D-445D-B8C6-9E63D723A49D}
	EndGlobalSection
EndGlobal
